
Microsoft Visual Studio Solution File, Format Version 12.00
# Visual Studio Version 17
VisualStudioVersion = 17.1.31911.260
MinimumVisualStudioVersion = 10.0.40219.1
Project("{FAE04EC0-301F-11D3-BF4B-00C04F79EFBC}") = "uwu", "ExtractZipTest\uwu.csproj", "{607911DF-A642-4EE9-A38E-EBB0915200A4}"
EndProject
Global
	GlobalSection(SolutionConfigurationPlatforms) = preSolution
		Debug|Any CPU = Debug|Any CPU
		Release|Any CPU = Release|Any CPU
	EndGlobalSection
	GlobalSection(ProjectConfigurationPlatforms) = postSolution
		{607911DF-A642-4EE9-A38E-EBB0915200A4}.Debug|Any CPU.ActiveCfg = Debug|Any CPU
		{607911DF-A642-4EE9-A38E-EBB0915200A4}.Debug|Any CPU.Build.0 = Debug|Any CPU
		{607911DF-A642-4EE9-A38E-EBB0915200A4}.Release|Any CPU.ActiveCfg = Release|Any CPU
		{607911DF-A642-4EE9-A38E-EBB0915200A4}.Release|Any CPU.Build.0 = Release|Any CPU
	EndGlobalSection
	GlobalSection(SolutionProperties) = preSolution
		HideSolutionNode = FALSE
	EndGlobalSection
	GlobalSection(ExtensibilityGlobals) = postSolution
		SolutionGuid = {EBDE5DE9-34BA-4138-9E9B-57B3DB8D5C0A}
	EndGlobalSection
EndGlobal
